
Microsoft Visual Studio Solution File, Format Version 12.00
# Visual Studio Version 17
VisualStudioVersion = 17.9.34622.214
MinimumVisualStudioVersion = 10.0.40219.1
Project("{FAE04EC0-301F-11D3-BF4B-00C04F79EFBC}") = "VotosPNO", "VotosPNO\VotosPNO.csproj", "{933DC588-809C-4074-B9EA-CB7A4D741AE3}"
EndProject
Project("{FAE04EC0-301F-11D3-BF4B-00C04F79EFBC}") = "VotarTest", "VotarTest\VotarTest.csproj", "{D0FD0BCE-BEA5-48DC-861A-26644E56F3F0}"
EndProject
Global
	GlobalSection(SolutionConfigurationPlatforms) = preSolution
		Debug|Any CPU = Debug|Any CPU
		Release|Any CPU = Release|Any CPU
	EndGlobalSection
	GlobalSection(ProjectConfigurationPlatforms) = postSolution
		{933DC588-809C-4074-B9EA-CB7A4D741AE3}.Debug|Any CPU.ActiveCfg = Debug|Any CPU
		{933DC588-809C-4074-B9EA-CB7A4D741AE3}.Debug|Any CPU.Build.0 = Debug|Any CPU
		{933DC588-809C-4074-B9EA-CB7A4D741AE3}.Release|Any CPU.ActiveCfg = Release|Any CPU
		{933DC588-809C-4074-B9EA-CB7A4D741AE3}.Release|Any CPU.Build.0 = Release|Any CPU
		{D0FD0BCE-BEA5-48DC-861A-26644E56F3F0}.Debug|Any CPU.ActiveCfg = Debug|Any CPU
		{D0FD0BCE-BEA5-48DC-861A-26644E56F3F0}.Debug|Any CPU.Build.0 = Debug|Any CPU
		{D0FD0BCE-BEA5-48DC-861A-26644E56F3F0}.Release|Any CPU.ActiveCfg = Release|Any CPU
		{D0FD0BCE-BEA5-48DC-861A-26644E56F3F0}.Release|Any CPU.Build.0 = Release|Any CPU
	EndGlobalSection
	GlobalSection(SolutionProperties) = preSolution
		HideSolutionNode = FALSE
	EndGlobalSection
	GlobalSection(ExtensibilityGlobals) = postSolution
		SolutionGuid = {59CE4A34-1095-4A03-A8D4-3BAF870E89B6}
	EndGlobalSection
EndGlobal
